
Microsoft Visual Studio Solution File, Format Version 12.00
# Visual Studio Version 16
VisualStudioVersion = 16.0.33423.256
MinimumVisualStudioVersion = 10.0.40219.1
Project("{FAE04EC0-301F-11D3-BF4B-00C04F79EFBC}") = "AutomationExercise", "AutomationExercize\AutomationExercise.csproj", "{6E25D229-B418-0D88-3A5E-8765EF0C3E65}"
EndProject
Global
	GlobalSection(SolutionConfigurationPlatforms) = preSolution
		Debug|Any CPU = Debug|Any CPU
		Release|Any CPU = Release|Any CPU
	EndGlobalSection
	GlobalSection(ProjectConfigurationPlatforms) = postSolution
		{6E25D229-B418-0D88-3A5E-8765EF0C3E65}.Debug|Any CPU.ActiveCfg = Debug|Any CPU
		{6E25D229-B418-0D88-3A5E-8765EF0C3E65}.Debug|Any CPU.Build.0 = Debug|Any CPU
		{6E25D229-B418-0D88-3A5E-8765EF0C3E65}.Release|Any CPU.ActiveCfg = Release|Any CPU
		{6E25D229-B418-0D88-3A5E-8765EF0C3E65}.Release|Any CPU.Build.0 = Release|Any CPU
	EndGlobalSection
	GlobalSection(SolutionProperties) = preSolution
		HideSolutionNode = FALSE
	EndGlobalSection
	GlobalSection(ExtensibilityGlobals) = postSolution
		SolutionGuid = {CD952BAB-CFF9-404F-8F04-F940D23F7879}
	EndGlobalSection
EndGlobal
